
Microsoft Visual Studio Solution File, Format Version 12.00
# Visual Studio Version 16
VisualStudioVersion = 16.0.30011.22
MinimumVisualStudioVersion = 15.0.26124.0
Project("{2150E333-8FDC-42A3-9474-1A3956D46DE8}") = "src", "src", "{F2CDAB87-5A26-4C55-ABDD-5049B316F932}"
EndProject
Project("{2150E333-8FDC-42A3-9474-1A3956D46DE8}") = "services", "services", "{47819332-D68B-4944-B487-8A10CAFBE73E}"
EndProject
Project("{2150E333-8FDC-42A3-9474-1A3956D46DE8}") = "ApplicationProcessing", "ApplicationProcessing", "{D818490A-CF28-4320-A286-B887C31D383A}"
EndProject
Project("{9A19103F-16F7-4668-BE54-9A1E7A4F7556}") = "Hahn.ApplicationProcess.December2020.Domain", "src\services\ApplicationProcessing\Hahn.ApplicationProcess.December2020.Domain\Hahn.ApplicationProcess.December2020.Domain.csproj", "{529A120D-F8F9-42CF-9D1E-7F0A2BB7E953}"
EndProject
Project("{2150E333-8FDC-42A3-9474-1A3956D46DE8}") = "web apps", "web apps", "{C678CBBA-D9B9-46C7-BF28-FFF22C7EDB25}"
EndProject
Global
	GlobalSection(SolutionConfigurationPlatforms) = preSolution
		Debug|Any CPU = Debug|Any CPU
		Release|Any CPU = Release|Any CPU
	EndGlobalSection
	GlobalSection(ProjectConfigurationPlatforms) = postSolution
		{529A120D-F8F9-42CF-9D1E-7F0A2BB7E953}.Debug|Any CPU.ActiveCfg = Debug|Any CPU
		{529A120D-F8F9-42CF-9D1E-7F0A2BB7E953}.Debug|Any CPU.Build.0 = Debug|Any CPU
		{529A120D-F8F9-42CF-9D1E-7F0A2BB7E953}.Release|Any CPU.ActiveCfg = Release|Any CPU
		{529A120D-F8F9-42CF-9D1E-7F0A2BB7E953}.Release|Any CPU.Build.0 = Release|Any CPU
	EndGlobalSection
	GlobalSection(SolutionProperties) = preSolution
		HideSolutionNode = FALSE
	EndGlobalSection
	GlobalSection(NestedProjects) = preSolution
		{47819332-D68B-4944-B487-8A10CAFBE73E} = {F2CDAB87-5A26-4C55-ABDD-5049B316F932}
		{D818490A-CF28-4320-A286-B887C31D383A} = {47819332-D68B-4944-B487-8A10CAFBE73E}
		{529A120D-F8F9-42CF-9D1E-7F0A2BB7E953} = {D818490A-CF28-4320-A286-B887C31D383A}
		{C678CBBA-D9B9-46C7-BF28-FFF22C7EDB25} = {F2CDAB87-5A26-4C55-ABDD-5049B316F932}
	EndGlobalSection
	GlobalSection(ExtensibilityGlobals) = postSolution
		SolutionGuid = {3AC9A949-41A1-4F06-BB5F-CD24D52FF458}
	EndGlobalSection
EndGlobal
